// !$*UTF8*$!
{
	archiveVersion = 1;
	classes = {
	};
	objectVersion = 56;
	objects = {

/* Begin PBXBuildFile section */
		7F4F28892A7BF57100A53799 /* CineFlixApp.swift in Sources */ = {isa = PBXBuildFile; fileRef = 7F4F28882A7BF57100A53799 /* CineFlixApp.swift */; };
		7F4F288B2A7BF57100A53799 /* MovieListView.swift in Sources */ = {isa = PBXBuildFile; fileRef = 7F4F288A2A7BF57100A53799 /* MovieListView.swift */; };
		7F4F288D2A7BF57500A53799 /* Assets.xcassets in Resources */ = {isa = PBXBuildFile; fileRef = 7F4F288C2A7BF57500A53799 /* Assets.xcassets */; };
		7F4F28902A7BF57500A53799 /* Preview Assets.xcassets in Resources */ = {isa = PBXBuildFile; fileRef = 7F4F288F2A7BF57500A53799 /* Preview Assets.xcassets */; };
		7F4F289A2A7BF57500A53799 /* CineFlixTests.swift in Sources */ = {isa = PBXBuildFile; fileRef = 7F4F28992A7BF57500A53799 /* CineFlixTests.swift */; };
		7F4F28A42A7BF57500A53799 /* CineFlixUITests.swift in Sources */ = {isa = PBXBuildFile; fileRef = 7F4F28A32A7BF57500A53799 /* CineFlixUITests.swift */; };
		7F4F28A62A7BF57500A53799 /* CineFlixUITestsLaunchTests.swift in Sources */ = {isa = PBXBuildFile; fileRef = 7F4F28A52A7BF57500A53799 /* CineFlixUITestsLaunchTests.swift */; };
		7FAE57772A7D2EE4006772C5 /* NetworkManager.swift in Sources */ = {isa = PBXBuildFile; fileRef = 7FAE57762A7D2EE4006772C5 /* NetworkManager.swift */; };
		7FAE57792A7D3230006772C5 /* PageList.swift in Sources */ = {isa = PBXBuildFile; fileRef = 7FAE57782A7D3230006772C5 /* PageList.swift */; };
		7FAE577C2A7D6BBB006772C5 /* URLImage in Frameworks */ = {isa = PBXBuildFile; productRef = 7FAE577B2A7D6BBB006772C5 /* URLImage */; };
		7FAE577E2A7D6FB5006772C5 /* MovieRow.swift in Sources */ = {isa = PBXBuildFile; fileRef = 7FAE577D2A7D6FB5006772C5 /* MovieRow.swift */; };
		7FAE57802A827FA5006772C5 /* MovieDetailView.swift in Sources */ = {isa = PBXBuildFile; fileRef = 7FAE577F2A827FA5006772C5 /* MovieDetailView.swift */; };
		7FAE57882A82A6A6006772C5 /* MovieListViewModel.swift in Sources */ = {isa = PBXBuildFile; fileRef = 7FAE57872A82A6A6006772C5 /* MovieListViewModel.swift */; };
		7FAE578A2A82A6BD006772C5 /* MovieDetailViewModel.swift in Sources */ = {isa = PBXBuildFile; fileRef = 7FAE57892A82A6BD006772C5 /* MovieDetailViewModel.swift */; };
		7FAE578D2A82B31B006772C5 /* Alamofire in Frameworks */ = {isa = PBXBuildFile; productRef = 7FAE578C2A82B31B006772C5 /* Alamofire */; };
		7FB8B80D2A8CFEB600C38B62 /* MovieSearchBarView.swift in Sources */ = {isa = PBXBuildFile; fileRef = 7FB8B80C2A8CFEB600C38B62 /* MovieSearchBarView.swift */; };
		7FB8B80F2A8CFF6800C38B62 /* MovieSearchBarViewModel.swift in Sources */ = {isa = PBXBuildFile; fileRef = 7FB8B80E2A8CFF6800C38B62 /* MovieSearchBarViewModel.swift */; };
		7FB8B8112A8CFF7C00C38B62 /* SearchBarResponse.swift in Sources */ = {isa = PBXBuildFile; fileRef = 7FB8B8102A8CFF7C00C38B62 /* SearchBarResponse.swift */; };
		7FB8B8142A8CFFB000C38B62 /* AccessTokenRequest.swift in Sources */ = {isa = PBXBuildFile; fileRef = 7FB8B8132A8CFFB000C38B62 /* AccessTokenRequest.swift */; };
		7FB8B8162A8D55B900C38B62 /* StorageManager.swift in Sources */ = {isa = PBXBuildFile; fileRef = 7FB8B8152A8D55B900C38B62 /* StorageManager.swift */; };
		7FB8B8192A8D5BB100C38B62 /* KeychainSwift in Frameworks */ = {isa = PBXBuildFile; productRef = 7FB8B8182A8D5BB100C38B62 /* KeychainSwift */; };
		7FB8B81B2A8D603000C38B62 /* AuthenticationManager.swift in Sources */ = {isa = PBXBuildFile; fileRef = 7FB8B81A2A8D603000C38B62 /* AuthenticationManager.swift */; };
		7FBA50A72A8BF10800F4A802 /* MovieTabbarView.swift in Sources */ = {isa = PBXBuildFile; fileRef = 7FBA50A62A8BF10800F4A802 /* MovieTabbarView.swift */; };
		7FBB706B2A8A5870002E0D93 /* MovieWelcomeView.swift in Sources */ = {isa = PBXBuildFile; fileRef = 7FBB706A2A8A5870002E0D93 /* MovieWelcomeView.swift */; };
		7FBB706D2A8AA8CD002E0D93 /* SessionIdResponse.swift in Sources */ = {isa = PBXBuildFile; fileRef = 7FBB706C2A8AA8CD002E0D93 /* SessionIdResponse.swift */; };
		7FD912F52A938DB70047A160 /* MovieDetailsResponse.swift in Sources */ = {isa = PBXBuildFile; fileRef = 7FD912F42A938DB70047A160 /* MovieDetailsResponse.swift */; };
		7FD912F82A939A8F0047A160 /* MovieSearchBarDetailView.swift in Sources */ = {isa = PBXBuildFile; fileRef = 7FD912F72A939A8F0047A160 /* MovieSearchBarDetailView.swift */; };
		7FD912FA2A93A4EF0047A160 /* MovieSearchBarDetailViewModel.swift in Sources */ = {isa = PBXBuildFile; fileRef = 7FD912F92A93A4EF0047A160 /* MovieSearchBarDetailViewModel.swift */; };
		7FDC3E352A8685C400E7D3F6 /* MovieAuthenticationViewModel.swift in Sources */ = {isa = PBXBuildFile; fileRef = 7FDC3E342A8685C400E7D3F6 /* MovieAuthenticationViewModel.swift */; };
		7FDC3E372A86875E00E7D3F6 /* RequestTokenResponse.swift in Sources */ = {isa = PBXBuildFile; fileRef = 7FDC3E362A86875E00E7D3F6 /* RequestTokenResponse.swift */; };
		7FE4BB552A89986200146F42 /* AccessTokenResponse.swift in Sources */ = {isa = PBXBuildFile; fileRef = 7FE4BB542A89986200146F42 /* AccessTokenResponse.swift */; };
/* End PBXBuildFile section */

/* Begin PBXContainerItemProxy section */
		7F4F28962A7BF57500A53799 /* PBXContainerItemProxy */ = {
			isa = PBXContainerItemProxy;
			containerPortal = 7F4F287D2A7BF57100A53799 /* Project object */;
			proxyType = 1;
			remoteGlobalIDString = 7F4F28842A7BF57100A53799;
			remoteInfo = CineFlix;
		};
		7F4F28A02A7BF57500A53799 /* PBXContainerItemProxy */ = {
			isa = PBXContainerItemProxy;
			containerPortal = 7F4F287D2A7BF57100A53799 /* Project object */;
			proxyType = 1;
			remoteGlobalIDString = 7F4F28842A7BF57100A53799;
			remoteInfo = CineFlix;
		};
/* End PBXContainerItemProxy section */

/* Begin PBXFileReference section */
		7F4F28852A7BF57100A53799 /* CineFlix.app */ = {isa = PBXFileReference; explicitFileType = wrapper.application; includeInIndex = 0; path = CineFlix.app; sourceTree = BUILT_PRODUCTS_DIR; };
		7F4F28882A7BF57100A53799 /* CineFlixApp.swift */ = {isa = PBXFileReference; lastKnownFileType = sourcecode.swift; path = CineFlixApp.swift; sourceTree = "<group>"; };
		7F4F288A2A7BF57100A53799 /* MovieListView.swift */ = {isa = PBXFileReference; lastKnownFileType = sourcecode.swift; path = MovieListView.swift; sourceTree = "<group>"; };
		7F4F288C2A7BF57500A53799 /* Assets.xcassets */ = {isa = PBXFileReference; lastKnownFileType = folder.assetcatalog; path = Assets.xcassets; sourceTree = "<group>"; };
		7F4F288F2A7BF57500A53799 /* Preview Assets.xcassets */ = {isa = PBXFileReference; lastKnownFileType = folder.assetcatalog; path = "Preview Assets.xcassets"; sourceTree = "<group>"; };
		7F4F28952A7BF57500A53799 /* CineFlixTests.xctest */ = {isa = PBXFileReference; explicitFileType = wrapper.cfbundle; includeInIndex = 0; path = CineFlixTests.xctest; sourceTree = BUILT_PRODUCTS_DIR; };
		7F4F28992A7BF57500A53799 /* CineFlixTests.swift */ = {isa = PBXFileReference; lastKnownFileType = sourcecode.swift; path = CineFlixTests.swift; sourceTree = "<group>"; };
		7F4F289F2A7BF57500A53799 /* CineFlixUITests.xctest */ = {isa = PBXFileReference; explicitFileType = wrapper.cfbundle; includeInIndex = 0; path = CineFlixUITests.xctest; sourceTree = BUILT_PRODUCTS_DIR; };
		7F4F28A32A7BF57500A53799 /* CineFlixUITests.swift */ = {isa = PBXFileReference; lastKnownFileType = sourcecode.swift; path = CineFlixUITests.swift; sourceTree = "<group>"; };
		7F4F28A52A7BF57500A53799 /* CineFlixUITestsLaunchTests.swift */ = {isa = PBXFileReference; lastKnownFileType = sourcecode.swift; path = CineFlixUITestsLaunchTests.swift; sourceTree = "<group>"; };
		7FAE57762A7D2EE4006772C5 /* NetworkManager.swift */ = {isa = PBXFileReference; lastKnownFileType = sourcecode.swift; path = NetworkManager.swift; sourceTree = "<group>"; };
		7FAE57782A7D3230006772C5 /* PageList.swift */ = {isa = PBXFileReference; lastKnownFileType = sourcecode.swift; path = PageList.swift; sourceTree = "<group>"; };
		7FAE577D2A7D6FB5006772C5 /* MovieRow.swift */ = {isa = PBXFileReference; lastKnownFileType = sourcecode.swift; path = MovieRow.swift; sourceTree = "<group>"; };
		7FAE577F2A827FA5006772C5 /* MovieDetailView.swift */ = {isa = PBXFileReference; lastKnownFileType = sourcecode.swift; path = MovieDetailView.swift; sourceTree = "<group>"; };
		7FAE57872A82A6A6006772C5 /* MovieListViewModel.swift */ = {isa = PBXFileReference; lastKnownFileType = sourcecode.swift; path = MovieListViewModel.swift; sourceTree = "<group>"; };
		7FAE57892A82A6BD006772C5 /* MovieDetailViewModel.swift */ = {isa = PBXFileReference; lastKnownFileType = sourcecode.swift; path = MovieDetailViewModel.swift; sourceTree = "<group>"; };
		7FB8B80C2A8CFEB600C38B62 /* MovieSearchBarView.swift */ = {isa = PBXFileReference; lastKnownFileType = sourcecode.swift; path = MovieSearchBarView.swift; sourceTree = "<group>"; };
		7FB8B80E2A8CFF6800C38B62 /* MovieSearchBarViewModel.swift */ = {isa = PBXFileReference; lastKnownFileType = sourcecode.swift; path = MovieSearchBarViewModel.swift; sourceTree = "<group>"; };
		7FB8B8102A8CFF7C00C38B62 /* SearchBarResponse.swift */ = {isa = PBXFileReference; lastKnownFileType = sourcecode.swift; path = SearchBarResponse.swift; sourceTree = "<group>"; };
		7FB8B8132A8CFFB000C38B62 /* AccessTokenRequest.swift */ = {isa = PBXFileReference; lastKnownFileType = sourcecode.swift; path = AccessTokenRequest.swift; sourceTree = "<group>"; };
		7FB8B8152A8D55B900C38B62 /* StorageManager.swift */ = {isa = PBXFileReference; lastKnownFileType = sourcecode.swift; path = StorageManager.swift; sourceTree = "<group>"; };
		7FB8B81A2A8D603000C38B62 /* AuthenticationManager.swift */ = {isa = PBXFileReference; lastKnownFileType = sourcecode.swift; path = AuthenticationManager.swift; sourceTree = "<group>"; };
		7FBA50A62A8BF10800F4A802 /* MovieTabbarView.swift */ = {isa = PBXFileReference; lastKnownFileType = sourcecode.swift; path = MovieTabbarView.swift; sourceTree = "<group>"; };
		7FBB706A2A8A5870002E0D93 /* MovieWelcomeView.swift */ = {isa = PBXFileReference; lastKnownFileType = sourcecode.swift; path = MovieWelcomeView.swift; sourceTree = "<group>"; };
		7FBB706C2A8AA8CD002E0D93 /* SessionIdResponse.swift */ = {isa = PBXFileReference; lastKnownFileType = sourcecode.swift; path = SessionIdResponse.swift; sourceTree = "<group>"; };
		7FD912F42A938DB70047A160 /* MovieDetailsResponse.swift */ = {isa = PBXFileReference; lastKnownFileType = sourcecode.swift; path = MovieDetailsResponse.swift; sourceTree = "<group>"; };
		7FD912F72A939A8F0047A160 /* MovieSearchBarDetailView.swift */ = {isa = PBXFileReference; lastKnownFileType = sourcecode.swift; path = MovieSearchBarDetailView.swift; sourceTree = "<group>"; };
		7FD912F92A93A4EF0047A160 /* MovieSearchBarDetailViewModel.swift */ = {isa = PBXFileReference; lastKnownFileType = sourcecode.swift; path = MovieSearchBarDetailViewModel.swift; sourceTree = "<group>"; };
		7FDC3E342A8685C400E7D3F6 /* MovieAuthenticationViewModel.swift */ = {isa = PBXFileReference; lastKnownFileType = sourcecode.swift; path = MovieAuthenticationViewModel.swift; sourceTree = "<group>"; };
		7FDC3E362A86875E00E7D3F6 /* RequestTokenResponse.swift */ = {isa = PBXFileReference; lastKnownFileType = sourcecode.swift; path = RequestTokenResponse.swift; sourceTree = "<group>"; };
		7FDC3E382A86BD6000E7D3F6 /* Info.plist */ = {isa = PBXFileReference; lastKnownFileType = text.plist; path = Info.plist; sourceTree = "<group>"; };
		7FE4BB542A89986200146F42 /* AccessTokenResponse.swift */ = {isa = PBXFileReference; lastKnownFileType = sourcecode.swift; path = AccessTokenResponse.swift; sourceTree = "<group>"; };
/* End PBXFileReference section */

/* Begin PBXFrameworksBuildPhase section */
		7F4F28822A7BF57100A53799 /* Frameworks */ = {
			isa = PBXFrameworksBuildPhase;
			buildActionMask = 2147483647;
			files = (
				7FB8B8192A8D5BB100C38B62 /* KeychainSwift in Frameworks */,
				7FAE577C2A7D6BBB006772C5 /* URLImage in Frameworks */,
				7FAE578D2A82B31B006772C5 /* Alamofire in Frameworks */,
			);
			runOnlyForDeploymentPostprocessing = 0;
		};
		7F4F28922A7BF57500A53799 /* Frameworks */ = {
			isa = PBXFrameworksBuildPhase;
			buildActionMask = 2147483647;
			files = (
			);
			runOnlyForDeploymentPostprocessing = 0;
		};
		7F4F289C2A7BF57500A53799 /* Frameworks */ = {
			isa = PBXFrameworksBuildPhase;
			buildActionMask = 2147483647;
			files = (
			);
			runOnlyForDeploymentPostprocessing = 0;
		};
/* End PBXFrameworksBuildPhase section */

/* Begin PBXGroup section */
		7F4F287C2A7BF57100A53799 = {
			isa = PBXGroup;
			children = (
				7F4F28872A7BF57100A53799 /* CineFlix */,
				7F4F28982A7BF57500A53799 /* CineFlixTests */,
				7F4F28A22A7BF57500A53799 /* CineFlixUITests */,
				7F4F28862A7BF57100A53799 /* Products */,
			);
			sourceTree = "<group>";
		};
		7F4F28862A7BF57100A53799 /* Products */ = {
			isa = PBXGroup;
			children = (
				7F4F28852A7BF57100A53799 /* CineFlix.app */,
				7F4F28952A7BF57500A53799 /* CineFlixTests.xctest */,
				7F4F289F2A7BF57500A53799 /* CineFlixUITests.xctest */,
			);
			name = Products;
			sourceTree = "<group>";
		};
		7F4F28872A7BF57100A53799 /* CineFlix */ = {
			isa = PBXGroup;
			children = (
				7FDC3E382A86BD6000E7D3F6 /* Info.plist */,
				7FAE57832A828E43006772C5 /* Views */,
				7FAE57822A828E35006772C5 /* View Models */,
				7FAE57812A828E29006772C5 /* Models */,
				7FAE57842A828E51006772C5 /* Helpers */,
				7F4F28882A7BF57100A53799 /* CineFlixApp.swift */,
				7F4F288C2A7BF57500A53799 /* Assets.xcassets */,
				7F4F288E2A7BF57500A53799 /* Preview Content */,
			);
			path = CineFlix;
			sourceTree = "<group>";
		};
		7F4F288E2A7BF57500A53799 /* Preview Content */ = {
			isa = PBXGroup;
			children = (
				7F4F288F2A7BF57500A53799 /* Preview Assets.xcassets */,
			);
			path = "Preview Content";
			sourceTree = "<group>";
		};
		7F4F28982A7BF57500A53799 /* CineFlixTests */ = {
			isa = PBXGroup;
			children = (
				7F4F28992A7BF57500A53799 /* CineFlixTests.swift */,
			);
			path = CineFlixTests;
			sourceTree = "<group>";
		};
		7F4F28A22A7BF57500A53799 /* CineFlixUITests */ = {
			isa = PBXGroup;
			children = (
				7F4F28A32A7BF57500A53799 /* CineFlixUITests.swift */,
				7F4F28A52A7BF57500A53799 /* CineFlixUITestsLaunchTests.swift */,
			);
			path = CineFlixUITests;
			sourceTree = "<group>";
		};
		7FAE57812A828E29006772C5 /* Models */ = {
			isa = PBXGroup;
			children = (
				7FB8B8122A8CFF8D00C38B62 /* RequestToken */,
				7FE4BB542A89986200146F42 /* AccessTokenResponse.swift */,
				7FBB706C2A8AA8CD002E0D93 /* SessionIdResponse.swift */,
				7FAE57782A7D3230006772C5 /* PageList.swift */,
				7FB8B8102A8CFF7C00C38B62 /* SearchBarResponse.swift */,
				7FD912F42A938DB70047A160 /* MovieDetailsResponse.swift */,
			);
			path = Models;
			sourceTree = "<group>";
		};
		7FAE57822A828E35006772C5 /* View Models */ = {
			isa = PBXGroup;
			children = (
				7FDC3E342A8685C400E7D3F6 /* MovieAuthenticationViewModel.swift */,
				7FAE57872A82A6A6006772C5 /* MovieListViewModel.swift */,
				7FAE57892A82A6BD006772C5 /* MovieDetailViewModel.swift */,
				7FB8B80E2A8CFF6800C38B62 /* MovieSearchBarViewModel.swift */,
				7FD912F92A93A4EF0047A160 /* MovieSearchBarDetailViewModel.swift */,
			);
			path = "View Models";
			sourceTree = "<group>";
		};
		7FAE57832A828E43006772C5 /* Views */ = {
			isa = PBXGroup;
			children = (
				7FBB70692A8A5827002E0D93 /* MovieWelcomeView */,
				7FBA50A52A8BF0CD00F4A802 /* MovieTabbarView */,
				7FAE57852A828E9F006772C5 /* MovieListView */,
				7FAE57862A828EBA006772C5 /* MovieDetailView */,
				7FB8B80B2A8CFE4A00C38B62 /* MovieSearchBarView */,
			);
			path = Views;
			sourceTree = "<group>";
		};
		7FAE57842A828E51006772C5 /* Helpers */ = {
			isa = PBXGroup;
			children = (
				7FAE57762A7D2EE4006772C5 /* NetworkManager.swift */,
				7FB8B8152A8D55B900C38B62 /* StorageManager.swift */,
				7FB8B81A2A8D603000C38B62 /* AuthenticationManager.swift */,
			);
			path = Helpers;
			sourceTree = "<group>";
		};
		7FAE57852A828E9F006772C5 /* MovieListView */ = {
			isa = PBXGroup;
			children = (
				7F4F288A2A7BF57100A53799 /* MovieListView.swift */,
				7FAE577D2A7D6FB5006772C5 /* MovieRow.swift */,
			);
			path = MovieListView;
			sourceTree = "<group>";
		};
		7FAE57862A828EBA006772C5 /* MovieDetailView */ = {
			isa = PBXGroup;
			children = (
				7FAE577F2A827FA5006772C5 /* MovieDetailView.swift */,
			);
			path = MovieDetailView;
			sourceTree = "<group>";
		};
		7FB8B80B2A8CFE4A00C38B62 /* MovieSearchBarView */ = {
			isa = PBXGroup;
			children = (
				7FB8B80C2A8CFEB600C38B62 /* MovieSearchBarView.swift */,
				7FD912F72A939A8F0047A160 /* MovieSearchBarDetailView.swift */,
			);
			path = MovieSearchBarView;
			sourceTree = "<group>";
		};
		7FB8B8122A8CFF8D00C38B62 /* RequestToken */ = {
			isa = PBXGroup;
			children = (
				7FDC3E362A86875E00E7D3F6 /* RequestTokenResponse.swift */,
				7FB8B8132A8CFFB000C38B62 /* AccessTokenRequest.swift */,
			);
			path = RequestToken;
			sourceTree = "<group>";
		};
		7FBA50A52A8BF0CD00F4A802 /* MovieTabbarView */ = {
			isa = PBXGroup;
			children = (
				7FBA50A62A8BF10800F4A802 /* MovieTabbarView.swift */,
			);
			path = MovieTabbarView;
			sourceTree = "<group>";
		};
		7FBB70692A8A5827002E0D93 /* MovieWelcomeView */ = {
			isa = PBXGroup;
			children = (
				7FBB706A2A8A5870002E0D93 /* MovieWelcomeView.swift */,
			);
			path = MovieWelcomeView;
			sourceTree = "<group>";
		};
/* End PBXGroup section */

/* Begin PBXNativeTarget section */
		7F4F28842A7BF57100A53799 /* CineFlix */ = {
			isa = PBXNativeTarget;
			buildConfigurationList = 7F4F28A92A7BF57500A53799 /* Build configuration list for PBXNativeTarget "CineFlix" */;
			buildPhases = (
				7F4F28812A7BF57100A53799 /* Sources */,
				7F4F28822A7BF57100A53799 /* Frameworks */,
				7F4F28832A7BF57100A53799 /* Resources */,
			);
			buildRules = (
			);
			dependencies = (
			);
			name = CineFlix;
			packageProductDependencies = (
				7FAE577B2A7D6BBB006772C5 /* URLImage */,
				7FAE578C2A82B31B006772C5 /* Alamofire */,
				7FB8B8182A8D5BB100C38B62 /* KeychainSwift */,
			);
			productName = CineFlix;
			productReference = 7F4F28852A7BF57100A53799 /* CineFlix.app */;
			productType = "com.apple.product-type.application";
		};
		7F4F28942A7BF57500A53799 /* CineFlixTests */ = {
			isa = PBXNativeTarget;
			buildConfigurationList = 7F4F28AC2A7BF57500A53799 /* Build configuration list for PBXNativeTarget "CineFlixTests" */;
			buildPhases = (
				7F4F28912A7BF57500A53799 /* Sources */,
				7F4F28922A7BF57500A53799 /* Frameworks */,
				7F4F28932A7BF57500A53799 /* Resources */,
			);
			buildRules = (
			);
			dependencies = (
				7F4F28972A7BF57500A53799 /* PBXTargetDependency */,
			);
			name = CineFlixTests;
			productName = CineFlixTests;
			productReference = 7F4F28952A7BF57500A53799 /* CineFlixTests.xctest */;
			productType = "com.apple.product-type.bundle.unit-test";
		};
		7F4F289E2A7BF57500A53799 /* CineFlixUITests */ = {
			isa = PBXNativeTarget;
			buildConfigurationList = 7F4F28AF2A7BF57500A53799 /* Build configuration list for PBXNativeTarget "CineFlixUITests" */;
			buildPhases = (
				7F4F289B2A7BF57500A53799 /* Sources */,
				7F4F289C2A7BF57500A53799 /* Frameworks */,
				7F4F289D2A7BF57500A53799 /* Resources */,
			);
			buildRules = (
			);
			dependencies = (
				7F4F28A12A7BF57500A53799 /* PBXTargetDependency */,
			);
			name = CineFlixUITests;
			productName = CineFlixUITests;
			productReference = 7F4F289F2A7BF57500A53799 /* CineFlixUITests.xctest */;
			productType = "com.apple.product-type.bundle.ui-testing";
		};
/* End PBXNativeTarget section */

/* Begin PBXProject section */
		7F4F287D2A7BF57100A53799 /* Project object */ = {
			isa = PBXProject;
			attributes = {
				BuildIndependentTargetsInParallel = 1;
				LastSwiftUpdateCheck = 1430;
				LastUpgradeCheck = 1430;
				TargetAttributes = {
					7F4F28842A7BF57100A53799 = {
						CreatedOnToolsVersion = 14.3.1;
					};
					7F4F28942A7BF57500A53799 = {
						CreatedOnToolsVersion = 14.3.1;
						TestTargetID = 7F4F28842A7BF57100A53799;
					};
					7F4F289E2A7BF57500A53799 = {
						CreatedOnToolsVersion = 14.3.1;
						TestTargetID = 7F4F28842A7BF57100A53799;
					};
				};
			};
			buildConfigurationList = 7F4F28802A7BF57100A53799 /* Build configuration list for PBXProject "CineFlix" */;
			compatibilityVersion = "Xcode 14.0";
			developmentRegion = en;
			hasScannedForEncodings = 0;
			knownRegions = (
				en,
				Base,
			);
			mainGroup = 7F4F287C2A7BF57100A53799;
			packageReferences = (
				7FAE577A2A7D6BBB006772C5 /* XCRemoteSwiftPackageReference "url-image" */,
				7FAE578B2A82B31B006772C5 /* XCRemoteSwiftPackageReference "Alamofire" */,
				7FB8B8172A8D5BB100C38B62 /* XCRemoteSwiftPackageReference "keychain-swift" */,
			);
			productRefGroup = 7F4F28862A7BF57100A53799 /* Products */;
			projectDirPath = "";
			projectRoot = "";
			targets = (
				7F4F28842A7BF57100A53799 /* CineFlix */,
				7F4F28942A7BF57500A53799 /* CineFlixTests */,
				7F4F289E2A7BF57500A53799 /* CineFlixUITests */,
			);
		};
/* End PBXProject section */

/* Begin PBXResourcesBuildPhase section */
		7F4F28832A7BF57100A53799 /* Resources */ = {
			isa = PBXResourcesBuildPhase;
			buildActionMask = 2147483647;
			files = (
				7F4F28902A7BF57500A53799 /* Preview Assets.xcassets in Resources */,
				7F4F288D2A7BF57500A53799 /* Assets.xcassets in Resources */,
			);
			runOnlyForDeploymentPostprocessing = 0;
		};
		7F4F28932A7BF57500A53799 /* Resources */ = {
			isa = PBXResourcesBuildPhase;
			buildActionMask = 2147483647;
			files = (
			);
			runOnlyForDeploymentPostprocessing = 0;
		};
		7F4F289D2A7BF57500A53799 /* Resources */ = {
			isa = PBXResourcesBuildPhase;
			buildActionMask = 2147483647;
			files = (
			);
			runOnlyForDeploymentPostprocessing = 0;
		};
/* End PBXResourcesBuildPhase section */

/* Begin PBXSourcesBuildPhase section */
		7F4F28812A7BF57100A53799 /* Sources */ = {
			isa = PBXSourcesBuildPhase;
			buildActionMask = 2147483647;
			files = (
				7FBB706D2A8AA8CD002E0D93 /* SessionIdResponse.swift in Sources */,
				7FAE57792A7D3230006772C5 /* PageList.swift in Sources */,
				7FBB706B2A8A5870002E0D93 /* MovieWelcomeView.swift in Sources */,
				7FB8B80D2A8CFEB600C38B62 /* MovieSearchBarView.swift in Sources */,
				7FAE577E2A7D6FB5006772C5 /* MovieRow.swift in Sources */,
				7FDC3E372A86875E00E7D3F6 /* RequestTokenResponse.swift in Sources */,
				7FAE57772A7D2EE4006772C5 /* NetworkManager.swift in Sources */,
				7FBA50A72A8BF10800F4A802 /* MovieTabbarView.swift in Sources */,
				7FAE57882A82A6A6006772C5 /* MovieListViewModel.swift in Sources */,
				7FB8B8112A8CFF7C00C38B62 /* SearchBarResponse.swift in Sources */,
				7FE4BB552A89986200146F42 /* AccessTokenResponse.swift in Sources */,
				7FAE578A2A82A6BD006772C5 /* MovieDetailViewModel.swift in Sources */,
				7FAE57802A827FA5006772C5 /* MovieDetailView.swift in Sources */,
				7FD912FA2A93A4EF0047A160 /* MovieSearchBarDetailViewModel.swift in Sources */,
				7FB8B81B2A8D603000C38B62 /* AuthenticationManager.swift in Sources */,
				7F4F288B2A7BF57100A53799 /* MovieListView.swift in Sources */,
				7FD912F52A938DB70047A160 /* MovieDetailsResponse.swift in Sources */,
				7F4F28892A7BF57100A53799 /* CineFlixApp.swift in Sources */,
				7FB8B8142A8CFFB000C38B62 /* AccessTokenRequest.swift in Sources */,
				7FDC3E352A8685C400E7D3F6 /* MovieAuthenticationViewModel.swift in Sources */,
				7FB8B8162A8D55B900C38B62 /* StorageManager.swift in Sources */,
				7FD912F82A939A8F0047A160 /* MovieSearchBarDetailView.swift in Sources */,
				7FB8B80F2A8CFF6800C38B62 /* MovieSearchBarViewModel.swift in Sources */,
			);
			runOnlyForDeploymentPostprocessing = 0;
		};
		7F4F28912A7BF57500A53799 /* Sources */ = {
			isa = PBXSourcesBuildPhase;
			buildActionMask = 2147483647;
			files = (
				7F4F289A2A7BF57500A53799 /* CineFlixTests.swift in Sources */,
			);
			runOnlyForDeploymentPostprocessing = 0;
		};
		7F4F289B2A7BF57500A53799 /* Sources */ = {
			isa = PBXSourcesBuildPhase;
			buildActionMask = 2147483647;
			files = (
				7F4F28A62A7BF57500A53799 /* CineFlixUITestsLaunchTests.swift in Sources */,
				7F4F28A42A7BF57500A53799 /* CineFlixUITests.swift in Sources */,
			);
			runOnlyForDeploymentPostprocessing = 0;
		};
/* End PBXSourcesBuildPhase section */

/* Begin PBXTargetDependency section */
		7F4F28972A7BF57500A53799 /* PBXTargetDependency */ = {
			isa = PBXTargetDependency;
			target = 7F4F28842A7BF57100A53799 /* CineFlix */;
			targetProxy = 7F4F28962A7BF57500A53799 /* PBXContainerItemProxy */;
		};
		7F4F28A12A7BF57500A53799 /* PBXTargetDependency */ = {
			isa = PBXTargetDependency;
			target = 7F4F28842A7BF57100A53799 /* CineFlix */;
			targetProxy = 7F4F28A02A7BF57500A53799 /* PBXContainerItemProxy */;
		};
/* End PBXTargetDependency section */

/* Begin XCBuildConfiguration section */
		7F4F28A72A7BF57500A53799 /* Debug */ = {
			isa = XCBuildConfiguration;
			buildSettings = {
				ALWAYS_SEARCH_USER_PATHS = NO;
				CLANG_ANALYZER_NONNULL = YES;
				CLANG_ANALYZER_NUMBER_OBJECT_CONVERSION = YES_AGGRESSIVE;
				CLANG_CXX_LANGUAGE_STANDARD = "gnu++20";
				CLANG_ENABLE_MODULES = YES;
				CLANG_ENABLE_OBJC_ARC = YES;
				CLANG_ENABLE_OBJC_WEAK = YES;
				CLANG_WARN_BLOCK_CAPTURE_AUTORELEASING = YES;
				CLANG_WARN_BOOL_CONVERSION = YES;
				CLANG_WARN_COMMA = YES;
				CLANG_WARN_CONSTANT_CONVERSION = YES;
				CLANG_WARN_DEPRECATED_OBJC_IMPLEMENTATIONS = YES;
				CLANG_WARN_DIRECT_OBJC_ISA_USAGE = YES_ERROR;
				CLANG_WARN_DOCUMENTATION_COMMENTS = YES;
				CLANG_WARN_EMPTY_BODY = YES;
				CLANG_WARN_ENUM_CONVERSION = YES;
				CLANG_WARN_INFINITE_RECURSION = YES;
				CLANG_WARN_INT_CONVERSION = YES;
				CLANG_WARN_NON_LITERAL_NULL_CONVERSION = YES;
				CLANG_WARN_OBJC_IMPLICIT_RETAIN_SELF = YES;
				CLANG_WARN_OBJC_LITERAL_CONVERSION = YES;
				CLANG_WARN_OBJC_ROOT_CLASS = YES_ERROR;
				CLANG_WARN_QUOTED_INCLUDE_IN_FRAMEWORK_HEADER = YES;
				CLANG_WARN_RANGE_LOOP_ANALYSIS = YES;
				CLANG_WARN_STRICT_PROTOTYPES = YES;
				CLANG_WARN_SUSPICIOUS_MOVE = YES;
				CLANG_WARN_UNGUARDED_AVAILABILITY = YES_AGGRESSIVE;
				CLANG_WARN_UNREACHABLE_CODE = YES;
				CLANG_WARN__DUPLICATE_METHOD_MATCH = YES;
				COPY_PHASE_STRIP = NO;
				DEBUG_INFORMATION_FORMAT = dwarf;
				ENABLE_STRICT_OBJC_MSGSEND = YES;
				ENABLE_TESTABILITY = YES;
				GCC_C_LANGUAGE_STANDARD = gnu11;
				GCC_DYNAMIC_NO_PIC = NO;
				GCC_NO_COMMON_BLOCKS = YES;
				GCC_OPTIMIZATION_LEVEL = 0;
				GCC_PREPROCESSOR_DEFINITIONS = (
					"DEBUG=1",
					"$(inherited)",
				);
				GCC_WARN_64_TO_32_BIT_CONVERSION = YES;
				GCC_WARN_ABOUT_RETURN_TYPE = YES_ERROR;
				GCC_WARN_UNDECLARED_SELECTOR = YES;
				GCC_WARN_UNINITIALIZED_AUTOS = YES_AGGRESSIVE;
				GCC_WARN_UNUSED_FUNCTION = YES;
				GCC_WARN_UNUSED_VARIABLE = YES;
				IPHONEOS_DEPLOYMENT_TARGET = 16.4;
				MTL_ENABLE_DEBUG_INFO = INCLUDE_SOURCE;
				MTL_FAST_MATH = YES;
				ONLY_ACTIVE_ARCH = YES;
				SDKROOT = iphoneos;
				SWIFT_ACTIVE_COMPILATION_CONDITIONS = DEBUG;
				SWIFT_OPTIMIZATION_LEVEL = "-Onone";
			};
			name = Debug;
		};
		7F4F28A82A7BF57500A53799 /* Release */ = {
			isa = XCBuildConfiguration;
			buildSettings = {
				ALWAYS_SEARCH_USER_PATHS = NO;
				CLANG_ANALYZER_NONNULL = YES;
				CLANG_ANALYZER_NUMBER_OBJECT_CONVERSION = YES_AGGRESSIVE;
				CLANG_CXX_LANGUAGE_STANDARD = "gnu++20";
				CLANG_ENABLE_MODULES = YES;
				CLANG_ENABLE_OBJC_ARC = YES;
				CLANG_ENABLE_OBJC_WEAK = YES;
				CLANG_WARN_BLOCK_CAPTURE_AUTORELEASING = YES;
				CLANG_WARN_BOOL_CONVERSION = YES;
				CLANG_WARN_COMMA = YES;
				CLANG_WARN_CONSTANT_CONVERSION = YES;
				CLANG_WARN_DEPRECATED_OBJC_IMPLEMENTATIONS = YES;
				CLANG_WARN_DIRECT_OBJC_ISA_USAGE = YES_ERROR;
				CLANG_WARN_DOCUMENTATION_COMMENTS = YES;
				CLANG_WARN_EMPTY_BODY = YES;
				CLANG_WARN_ENUM_CONVERSION = YES;
				CLANG_WARN_INFINITE_RECURSION = YES;
				CLANG_WARN_INT_CONVERSION = YES;
				CLANG_WARN_NON_LITERAL_NULL_CONVERSION = YES;
				CLANG_WARN_OBJC_IMPLICIT_RETAIN_SELF = YES;
				CLANG_WARN_OBJC_LITERAL_CONVERSION = YES;
				CLANG_WARN_OBJC_ROOT_CLASS = YES_ERROR;
				CLANG_WARN_QUOTED_INCLUDE_IN_FRAMEWORK_HEADER = YES;
				CLANG_WARN_RANGE_LOOP_ANALYSIS = YES;
				CLANG_WARN_STRICT_PROTOTYPES = YES;
				CLANG_WARN_SUSPICIOUS_MOVE = YES;
				CLANG_WARN_UNGUARDED_AVAILABILITY = YES_AGGRESSIVE;
				CLANG_WARN_UNREACHABLE_CODE = YES;
				CLANG_WARN__DUPLICATE_METHOD_MATCH = YES;
				COPY_PHASE_STRIP = NO;
				DEBUG_INFORMATION_FORMAT = "dwarf-with-dsym";
				ENABLE_NS_ASSERTIONS = NO;
				ENABLE_STRICT_OBJC_MSGSEND = YES;
				GCC_C_LANGUAGE_STANDARD = gnu11;
				GCC_NO_COMMON_BLOCKS = YES;
				GCC_WARN_64_TO_32_BIT_CONVERSION = YES;
				GCC_WARN_ABOUT_RETURN_TYPE = YES_ERROR;
				GCC_WARN_UNDECLARED_SELECTOR = YES;
				GCC_WARN_UNINITIALIZED_AUTOS = YES_AGGRESSIVE;
				GCC_WARN_UNUSED_FUNCTION = YES;
				GCC_WARN_UNUSED_VARIABLE = YES;
				IPHONEOS_DEPLOYMENT_TARGET = 16.4;
				MTL_ENABLE_DEBUG_INFO = NO;
				MTL_FAST_MATH = YES;
				SDKROOT = iphoneos;
				SWIFT_COMPILATION_MODE = wholemodule;
				SWIFT_OPTIMIZATION_LEVEL = "-O";
				VALIDATE_PRODUCT = YES;
			};
			name = Release;
		};
		7F4F28AA2A7BF57500A53799 /* Debug */ = {
			isa = XCBuildConfiguration;
			buildSettings = {
				ASSETCATALOG_COMPILER_APPICON_NAME = AppIcon;
				ASSETCATALOG_COMPILER_GLOBAL_ACCENT_COLOR_NAME = AccentColor;
				CODE_SIGN_STYLE = Automatic;
				CURRENT_PROJECT_VERSION = 1;
				DEVELOPMENT_ASSET_PATHS = "\"CineFlix/Preview Content\"";
				DEVELOPMENT_TEAM = HC3KQ5NHDY;
				ENABLE_PREVIEWS = YES;
				GENERATE_INFOPLIST_FILE = YES;
				INFOPLIST_FILE = CineFlix/Info.plist;
				INFOPLIST_KEY_UIApplicationSceneManifest_Generation = YES;
				INFOPLIST_KEY_UIApplicationSupportsIndirectInputEvents = YES;
				INFOPLIST_KEY_UILaunchScreen_Generation = YES;
				INFOPLIST_KEY_UISupportedInterfaceOrientations_iPad = "UIInterfaceOrientationPortrait UIInterfaceOrientationPortraitUpsideDown UIInterfaceOrientationLandscapeLeft UIInterfaceOrientationLandscapeRight";
				INFOPLIST_KEY_UISupportedInterfaceOrientations_iPhone = "UIInterfaceOrientationPortrait UIInterfaceOrientationLandscapeLeft UIInterfaceOrientationLandscapeRight";
				LD_RUNPATH_SEARCH_PATHS = (
					"$(inherited)",
					"@executable_path/Frameworks",
				);
				MARKETING_VERSION = 1.0;
				PRODUCT_BUNDLE_IDENTIFIER = com.studies.CineFlix;
				PRODUCT_NAME = "$(TARGET_NAME)";
				SWIFT_EMIT_LOC_STRINGS = YES;
				SWIFT_VERSION = 5.0;
				TARGETED_DEVICE_FAMILY = "1,2";
			};
			name = Debug;
		};
		7F4F28AB2A7BF57500A53799 /* Release */ = {
			isa = XCBuildConfiguration;
			buildSettings = {
				ASSETCATALOG_COMPILER_APPICON_NAME = AppIcon;
				ASSETCATALOG_COMPILER_GLOBAL_ACCENT_COLOR_NAME = AccentColor;
				CODE_SIGN_STYLE = Automatic;
				CURRENT_PROJECT_VERSION = 1;
				DEVELOPMENT_ASSET_PATHS = "\"CineFlix/Preview Content\"";
				DEVELOPMENT_TEAM = HC3KQ5NHDY;
				ENABLE_PREVIEWS = YES;
				GENERATE_INFOPLIST_FILE = YES;
				INFOPLIST_FILE = CineFlix/Info.plist;
				INFOPLIST_KEY_UIApplicationSceneManifest_Generation = YES;
				INFOPLIST_KEY_UIApplicationSupportsIndirectInputEvents = YES;
				INFOPLIST_KEY_UILaunchScreen_Generation = YES;
				INFOPLIST_KEY_UISupportedInterfaceOrientations_iPad = "UIInterfaceOrientationPortrait UIInterfaceOrientationPortraitUpsideDown UIInterfaceOrientationLandscapeLeft UIInterfaceOrientationLandscapeRight";
				INFOPLIST_KEY_UISupportedInterfaceOrientations_iPhone = "UIInterfaceOrientationPortrait UIInterfaceOrientationLandscapeLeft UIInterfaceOrientationLandscapeRight";
				LD_RUNPATH_SEARCH_PATHS = (
					"$(inherited)",
					"@executable_path/Frameworks",
				);
				MARKETING_VERSION = 1.0;
				PRODUCT_BUNDLE_IDENTIFIER = com.studies.CineFlix;
				PRODUCT_NAME = "$(TARGET_NAME)";
				SWIFT_EMIT_LOC_STRINGS = YES;
				SWIFT_VERSION = 5.0;
				TARGETED_DEVICE_FAMILY = "1,2";
			};
			name = Release;
		};
		7F4F28AD2A7BF57500A53799 /* Debug */ = {
			isa = XCBuildConfiguration;
			buildSettings = {
				ALWAYS_EMBED_SWIFT_STANDARD_LIBRARIES = YES;
				BUNDLE_LOADER = "$(TEST_HOST)";
				CODE_SIGN_STYLE = Automatic;
				CURRENT_PROJECT_VERSION = 1;
				DEVELOPMENT_TEAM = HC3KQ5NHDY;
				GENERATE_INFOPLIST_FILE = YES;
				IPHONEOS_DEPLOYMENT_TARGET = 16.4;
				MARKETING_VERSION = 1.0;
				PRODUCT_BUNDLE_IDENTIFIER = com.studies.CineFlixTests;
				PRODUCT_NAME = "$(TARGET_NAME)";
				SWIFT_EMIT_LOC_STRINGS = NO;
				SWIFT_VERSION = 5.0;
				TARGETED_DEVICE_FAMILY = "1,2";
				TEST_HOST = "$(BUILT_PRODUCTS_DIR)/CineFlix.app/$(BUNDLE_EXECUTABLE_FOLDER_PATH)/CineFlix";
			};
			name = Debug;
		};
		7F4F28AE2A7BF57500A53799 /* Release */ = {
			isa = XCBuildConfiguration;
			buildSettings = {
				ALWAYS_EMBED_SWIFT_STANDARD_LIBRARIES = YES;
				BUNDLE_LOADER = "$(TEST_HOST)";
				CODE_SIGN_STYLE = Automatic;
				CURRENT_PROJECT_VERSION = 1;
				DEVELOPMENT_TEAM = HC3KQ5NHDY;
				GENERATE_INFOPLIST_FILE = YES;
				IPHONEOS_DEPLOYMENT_TARGET = 16.4;
				MARKETING_VERSION = 1.0;
				PRODUCT_BUNDLE_IDENTIFIER = com.studies.CineFlixTests;
				PRODUCT_NAME = "$(TARGET_NAME)";
				SWIFT_EMIT_LOC_STRINGS = NO;
				SWIFT_VERSION = 5.0;
				TARGETED_DEVICE_FAMILY = "1,2";
				TEST_HOST = "$(BUILT_PRODUCTS_DIR)/CineFlix.app/$(BUNDLE_EXECUTABLE_FOLDER_PATH)/CineFlix";
			};
			name = Release;
		};
		7F4F28B02A7BF57500A53799 /* Debug */ = {
			isa = XCBuildConfiguration;
			buildSettings = {
				ALWAYS_EMBED_SWIFT_STANDARD_LIBRARIES = YES;
				CODE_SIGN_STYLE = Automatic;
				CURRENT_PROJECT_VERSION = 1;
				DEVELOPMENT_TEAM = HC3KQ5NHDY;
				GENERATE_INFOPLIST_FILE = YES;
				MARKETING_VERSION = 1.0;
				PRODUCT_BUNDLE_IDENTIFIER = com.studies.CineFlixUITests;
				PRODUCT_NAME = "$(TARGET_NAME)";
				SWIFT_EMIT_LOC_STRINGS = NO;
				SWIFT_VERSION = 5.0;
				TARGETED_DEVICE_FAMILY = "1,2";
				TEST_TARGET_NAME = CineFlix;
			};
			name = Debug;
		};
		7F4F28B12A7BF57500A53799 /* Release */ = {
			isa = XCBuildConfiguration;
			buildSettings = {
				ALWAYS_EMBED_SWIFT_STANDARD_LIBRARIES = YES;
				CODE_SIGN_STYLE = Automatic;
				CURRENT_PROJECT_VERSION = 1;
				DEVELOPMENT_TEAM = HC3KQ5NHDY;
				GENERATE_INFOPLIST_FILE = YES;
				MARKETING_VERSION = 1.0;
				PRODUCT_BUNDLE_IDENTIFIER = com.studies.CineFlixUITests;
				PRODUCT_NAME = "$(TARGET_NAME)";
				SWIFT_EMIT_LOC_STRINGS = NO;
				SWIFT_VERSION = 5.0;
				TARGETED_DEVICE_FAMILY = "1,2";
				TEST_TARGET_NAME = CineFlix;
			};
			name = Release;
		};
/* End XCBuildConfiguration section */

/* Begin XCConfigurationList section */
		7F4F28802A7BF57100A53799 /* Build configuration list for PBXProject "CineFlix" */ = {
			isa = XCConfigurationList;
			buildConfigurations = (
				7F4F28A72A7BF57500A53799 /* Debug */,
				7F4F28A82A7BF57500A53799 /* Release */,
			);
			defaultConfigurationIsVisible = 0;
			defaultConfigurationName = Release;
		};
		7F4F28A92A7BF57500A53799 /* Build configuration list for PBXNativeTarget "CineFlix" */ = {
			isa = XCConfigurationList;
			buildConfigurations = (
				7F4F28AA2A7BF57500A53799 /* Debug */,
				7F4F28AB2A7BF57500A53799 /* Release */,
			);
			defaultConfigurationIsVisible = 0;
			defaultConfigurationName = Release;
		};
		7F4F28AC2A7BF57500A53799 /* Build configuration list for PBXNativeTarget "CineFlixTests" */ = {
			isa = XCConfigurationList;
			buildConfigurations = (
				7F4F28AD2A7BF57500A53799 /* Debug */,
				7F4F28AE2A7BF57500A53799 /* Release */,
			);
			defaultConfigurationIsVisible = 0;
			defaultConfigurationName = Release;
		};
		7F4F28AF2A7BF57500A53799 /* Build configuration list for PBXNativeTarget "CineFlixUITests" */ = {
			isa = XCConfigurationList;
			buildConfigurations = (
				7F4F28B02A7BF57500A53799 /* Debug */,
				7F4F28B12A7BF57500A53799 /* Release */,
			);
			defaultConfigurationIsVisible = 0;
			defaultConfigurationName = Release;
		};
/* End XCConfigurationList section */

/* Begin XCRemoteSwiftPackageReference section */
		7FAE577A2A7D6BBB006772C5 /* XCRemoteSwiftPackageReference "url-image" */ = {
			isa = XCRemoteSwiftPackageReference;
			repositoryURL = "https://github.com/dmytro-anokhin/url-image";
			requirement = {
				kind = upToNextMajorVersion;
				minimumVersion = 3.0.0;
			};
		};
		7FAE578B2A82B31B006772C5 /* XCRemoteSwiftPackageReference "Alamofire" */ = {
			isa = XCRemoteSwiftPackageReference;
			repositoryURL = "https://github.com/Alamofire/Alamofire.git";
			requirement = {
				kind = upToNextMajorVersion;
				minimumVersion = 5.0.0;
			};
		};
		7FB8B8172A8D5BB100C38B62 /* XCRemoteSwiftPackageReference "keychain-swift" */ = {
			isa = XCRemoteSwiftPackageReference;
			repositoryURL = "https://github.com/evgenyneu/keychain-swift.git";
			requirement = {
				kind = upToNextMajorVersion;
				minimumVersion = 20.0.0;
			};
		};
/* End XCRemoteSwiftPackageReference section */

/* Begin XCSwiftPackageProductDependency section */
		7FAE577B2A7D6BBB006772C5 /* URLImage */ = {
			isa = XCSwiftPackageProductDependency;
			package = 7FAE577A2A7D6BBB006772C5 /* XCRemoteSwiftPackageReference "url-image" */;
			productName = URLImage;
		};
		7FAE578C2A82B31B006772C5 /* Alamofire */ = {
			isa = XCSwiftPackageProductDependency;
			package = 7FAE578B2A82B31B006772C5 /* XCRemoteSwiftPackageReference "Alamofire" */;
			productName = Alamofire;
		};
		7FB8B8182A8D5BB100C38B62 /* KeychainSwift */ = {
			isa = XCSwiftPackageProductDependency;
			package = 7FB8B8172A8D5BB100C38B62 /* XCRemoteSwiftPackageReference "keychain-swift" */;
			productName = KeychainSwift;
		};
/* End XCSwiftPackageProductDependency section */
	};
	rootObject = 7F4F287D2A7BF57100A53799 /* Project object */;
}
